
Microsoft Visual Studio Solution File, Format Version 12.00
# Visual Studio Version 17
VisualStudioVersion = 17.4.33213.308
MinimumVisualStudioVersion = 10.0.40219.1
Project("{FAE04EC0-301F-11D3-BF4B-00C04F79EFBC}") = "AgendaSimples", "AgendaSimples.csproj", "{7D22E698-67E9-483E-B9BC-1A492DD0F825}"
EndProject
Global
	GlobalSection(SolutionConfigurationPlatforms) = preSolution
		Debug|Any CPU = Debug|Any CPU
		Release|Any CPU = Release|Any CPU
	EndGlobalSection
	GlobalSection(ProjectConfigurationPlatforms) = postSolution
		{7D22E698-67E9-483E-B9BC-1A492DD0F825}.Debug|Any CPU.ActiveCfg = Debug|Any CPU
		{7D22E698-67E9-483E-B9BC-1A492DD0F825}.Debug|Any CPU.Build.0 = Debug|Any CPU
		{7D22E698-67E9-483E-B9BC-1A492DD0F825}.Release|Any CPU.ActiveCfg = Release|Any CPU
		{7D22E698-67E9-483E-B9BC-1A492DD0F825}.Release|Any CPU.Build.0 = Release|Any CPU
	EndGlobalSection
	GlobalSection(SolutionProperties) = preSolution
		HideSolutionNode = FALSE
	EndGlobalSection
	GlobalSection(ExtensibilityGlobals) = postSolution
		SolutionGuid = {F8C4E327-5BA5-4203-801A-14B6A71138E3}
	EndGlobalSection
EndGlobal
